
Microsoft Visual Studio Solution File, Format Version 12.00
# Visual Studio Version 16
VisualStudioVersion = 16.0.30114.105
MinimumVisualStudioVersion = 10.0.40219.1
Project("{9A19103F-16F7-4668-BE54-9A1E7A4F7556}") = "eCommerce.Web", "eCommerce.Web\eCommerce.Web.csproj", "{0D9FE947-4A6B-4E7E-A59B-AA3AA4A877D2}"
EndProject
Project("{2150E333-8FDC-42A3-9474-1A3956D46DE8}") = "Sales Context", "Sales Context", "{F6D98E97-EB4D-4621-90BB-0ED446D01B0E}"
EndProject
Project("{9A19103F-16F7-4668-BE54-9A1E7A4F7556}") = "Sales.Messages", "Sales.Messages\Sales.Messages.csproj", "{2B2B1A9C-7F64-47ED-A3ED-8CE16CE15857}"
EndProject
Project("{9A19103F-16F7-4668-BE54-9A1E7A4F7556}") = "Sales.Orders.OrderCreated", "Sales.Orders.OrderCreated\Sales.Orders.OrderCreated.csproj", "{9D243CFA-4A26-498E-9B6A-796A0F333841}"
EndProject
Project("{2150E333-8FDC-42A3-9474-1A3956D46DE8}") = "Billing Context", "Billing Context", "{7162DD0B-8BC9-40DF-8E81-A10F2B51BD92}"
EndProject
Project("{9A19103F-16F7-4668-BE54-9A1E7A4F7556}") = "Billing.Payments.PaymentAccepted", "Billing.Payments.PaymentAccepted\Billing.Payments.PaymentAccepted.csproj", "{5D4E38A0-47FA-4B99-A27E-651DCA99A754}"
EndProject
Project("{9A19103F-16F7-4668-BE54-9A1E7A4F7556}") = "Billing.Messages", "Billing.Messages\Billing.Messages.csproj", "{4C6A42F2-2FB2-4CA1-A8BF-5B0806D6E86B}"
EndProject
Project("{2150E333-8FDC-42A3-9474-1A3956D46DE8}") = "Shipping Context", "Shipping Context", "{69B05229-F158-4F78-9CA4-ED1AC883746B}"
EndProject
Project("{9A19103F-16F7-4668-BE54-9A1E7A4F7556}") = "Shipping.Messages", "Shipping.Messages\Shipping.Messages.csproj", "{ACE35BAE-112B-439E-94A1-F52C9868F55D}"
EndProject
Project("{9A19103F-16F7-4668-BE54-9A1E7A4F7556}") = "Shipping.BusinessCustomers.ShippingArranged", "Shipping.BusinessCustomers.ShippingArranged\Shipping.BusinessCustomers.ShippingArranged.csproj", "{5961D459-0AB2-4626-B2A4-E41696A30FD7}"
EndProject
Project("{E53339B2-1760-4266-BCC7-CA923CBCF16C}") = "docker-compose", "docker-compose.dcproj", "{9D4CDC06-8E88-4CCF-9105-9E6D33F63840}"
EndProject
Global
	GlobalSection(SolutionConfigurationPlatforms) = preSolution
		Debug|Any CPU = Debug|Any CPU
		Release|Any CPU = Release|Any CPU
	EndGlobalSection
	GlobalSection(ProjectConfigurationPlatforms) = postSolution
		{0D9FE947-4A6B-4E7E-A59B-AA3AA4A877D2}.Debug|Any CPU.ActiveCfg = Debug|Any CPU
		{0D9FE947-4A6B-4E7E-A59B-AA3AA4A877D2}.Debug|Any CPU.Build.0 = Debug|Any CPU
		{0D9FE947-4A6B-4E7E-A59B-AA3AA4A877D2}.Release|Any CPU.ActiveCfg = Release|Any CPU
		{0D9FE947-4A6B-4E7E-A59B-AA3AA4A877D2}.Release|Any CPU.Build.0 = Release|Any CPU
		{2B2B1A9C-7F64-47ED-A3ED-8CE16CE15857}.Debug|Any CPU.ActiveCfg = Debug|Any CPU
		{2B2B1A9C-7F64-47ED-A3ED-8CE16CE15857}.Debug|Any CPU.Build.0 = Debug|Any CPU
		{2B2B1A9C-7F64-47ED-A3ED-8CE16CE15857}.Release|Any CPU.ActiveCfg = Release|Any CPU
		{2B2B1A9C-7F64-47ED-A3ED-8CE16CE15857}.Release|Any CPU.Build.0 = Release|Any CPU
		{9D243CFA-4A26-498E-9B6A-796A0F333841}.Debug|Any CPU.ActiveCfg = Debug|Any CPU
		{9D243CFA-4A26-498E-9B6A-796A0F333841}.Debug|Any CPU.Build.0 = Debug|Any CPU
		{9D243CFA-4A26-498E-9B6A-796A0F333841}.Release|Any CPU.ActiveCfg = Release|Any CPU
		{9D243CFA-4A26-498E-9B6A-796A0F333841}.Release|Any CPU.Build.0 = Release|Any CPU
		{5D4E38A0-47FA-4B99-A27E-651DCA99A754}.Debug|Any CPU.ActiveCfg = Debug|Any CPU
		{5D4E38A0-47FA-4B99-A27E-651DCA99A754}.Debug|Any CPU.Build.0 = Debug|Any CPU
		{5D4E38A0-47FA-4B99-A27E-651DCA99A754}.Release|Any CPU.ActiveCfg = Release|Any CPU
		{5D4E38A0-47FA-4B99-A27E-651DCA99A754}.Release|Any CPU.Build.0 = Release|Any CPU
		{4C6A42F2-2FB2-4CA1-A8BF-5B0806D6E86B}.Debug|Any CPU.ActiveCfg = Debug|Any CPU
		{4C6A42F2-2FB2-4CA1-A8BF-5B0806D6E86B}.Debug|Any CPU.Build.0 = Debug|Any CPU
		{4C6A42F2-2FB2-4CA1-A8BF-5B0806D6E86B}.Release|Any CPU.ActiveCfg = Release|Any CPU
		{4C6A42F2-2FB2-4CA1-A8BF-5B0806D6E86B}.Release|Any CPU.Build.0 = Release|Any CPU
		{ACE35BAE-112B-439E-94A1-F52C9868F55D}.Debug|Any CPU.ActiveCfg = Debug|Any CPU
		{ACE35BAE-112B-439E-94A1-F52C9868F55D}.Debug|Any CPU.Build.0 = Debug|Any CPU
		{ACE35BAE-112B-439E-94A1-F52C9868F55D}.Release|Any CPU.ActiveCfg = Release|Any CPU
		{ACE35BAE-112B-439E-94A1-F52C9868F55D}.Release|Any CPU.Build.0 = Release|Any CPU
		{5961D459-0AB2-4626-B2A4-E41696A30FD7}.Debug|Any CPU.ActiveCfg = Debug|Any CPU
		{5961D459-0AB2-4626-B2A4-E41696A30FD7}.Debug|Any CPU.Build.0 = Debug|Any CPU
		{5961D459-0AB2-4626-B2A4-E41696A30FD7}.Release|Any CPU.ActiveCfg = Release|Any CPU
		{5961D459-0AB2-4626-B2A4-E41696A30FD7}.Release|Any CPU.Build.0 = Release|Any CPU
		{9D4CDC06-8E88-4CCF-9105-9E6D33F63840}.Debug|Any CPU.ActiveCfg = Debug|Any CPU
		{9D4CDC06-8E88-4CCF-9105-9E6D33F63840}.Debug|Any CPU.Build.0 = Debug|Any CPU
		{9D4CDC06-8E88-4CCF-9105-9E6D33F63840}.Release|Any CPU.ActiveCfg = Release|Any CPU
		{9D4CDC06-8E88-4CCF-9105-9E6D33F63840}.Release|Any CPU.Build.0 = Release|Any CPU
	EndGlobalSection
	GlobalSection(SolutionProperties) = preSolution
		HideSolutionNode = FALSE
	EndGlobalSection
	GlobalSection(NestedProjects) = preSolution
		{2B2B1A9C-7F64-47ED-A3ED-8CE16CE15857} = {F6D98E97-EB4D-4621-90BB-0ED446D01B0E}
		{9D243CFA-4A26-498E-9B6A-796A0F333841} = {F6D98E97-EB4D-4621-90BB-0ED446D01B0E}
		{5D4E38A0-47FA-4B99-A27E-651DCA99A754} = {7162DD0B-8BC9-40DF-8E81-A10F2B51BD92}
		{4C6A42F2-2FB2-4CA1-A8BF-5B0806D6E86B} = {7162DD0B-8BC9-40DF-8E81-A10F2B51BD92}
		{ACE35BAE-112B-439E-94A1-F52C9868F55D} = {69B05229-F158-4F78-9CA4-ED1AC883746B}
		{5961D459-0AB2-4626-B2A4-E41696A30FD7} = {69B05229-F158-4F78-9CA4-ED1AC883746B}
	EndGlobalSection
	GlobalSection(ExtensibilityGlobals) = postSolution
		SolutionGuid = {439318BA-A91C-4C22-B3E7-F3CC90A69FD8}
	EndGlobalSection
EndGlobal
