
Microsoft Visual Studio Solution File, Format Version 12.00
# Visual Studio Version 16
VisualStudioVersion = 16.0.30517.126
MinimumVisualStudioVersion = 10.0.40219.1
Project("{9A19103F-16F7-4668-BE54-9A1E7A4F7556}") = "MassTransitSample.Api", "MassTransitSample.Api\MassTransitSample.Api.csproj", "{9F61BC2B-B55D-4058-9924-EE179862F427}"
EndProject
Project("{9A19103F-16F7-4668-BE54-9A1E7A4F7556}") = "MassTransitSample.Contracts", "MassTransitSample.Contracts\MassTransitSample.Contracts.csproj", "{61A00E65-3E6F-49C2-B074-BCE823D09B4B}"
EndProject
Project("{9A19103F-16F7-4668-BE54-9A1E7A4F7556}") = "MassTransitSample.Components", "MassTransitSample.Components\MassTransitSample.Components.csproj", "{32E0C0CF-23D1-4CD9-8EC2-1A42AB29A547}"
EndProject
Project("{FAE04EC0-301F-11D3-BF4B-00C04F79EFBC}") = "MassTransitSample.Service", "MassTransitSample.Service\MassTransitSample.Service.csproj", "{93D07E28-557D-479A-B833-701136661865}"
EndProject
Global
	GlobalSection(SolutionConfigurationPlatforms) = preSolution
		Debug|Any CPU = Debug|Any CPU
		Release|Any CPU = Release|Any CPU
	EndGlobalSection
	GlobalSection(ProjectConfigurationPlatforms) = postSolution
		{9F61BC2B-B55D-4058-9924-EE179862F427}.Debug|Any CPU.ActiveCfg = Debug|Any CPU
		{9F61BC2B-B55D-4058-9924-EE179862F427}.Debug|Any CPU.Build.0 = Debug|Any CPU
		{9F61BC2B-B55D-4058-9924-EE179862F427}.Release|Any CPU.ActiveCfg = Release|Any CPU
		{9F61BC2B-B55D-4058-9924-EE179862F427}.Release|Any CPU.Build.0 = Release|Any CPU
		{61A00E65-3E6F-49C2-B074-BCE823D09B4B}.Debug|Any CPU.ActiveCfg = Debug|Any CPU
		{61A00E65-3E6F-49C2-B074-BCE823D09B4B}.Debug|Any CPU.Build.0 = Debug|Any CPU
		{61A00E65-3E6F-49C2-B074-BCE823D09B4B}.Release|Any CPU.ActiveCfg = Release|Any CPU
		{61A00E65-3E6F-49C2-B074-BCE823D09B4B}.Release|Any CPU.Build.0 = Release|Any CPU
		{32E0C0CF-23D1-4CD9-8EC2-1A42AB29A547}.Debug|Any CPU.ActiveCfg = Debug|Any CPU
		{32E0C0CF-23D1-4CD9-8EC2-1A42AB29A547}.Debug|Any CPU.Build.0 = Debug|Any CPU
		{32E0C0CF-23D1-4CD9-8EC2-1A42AB29A547}.Release|Any CPU.ActiveCfg = Release|Any CPU
		{32E0C0CF-23D1-4CD9-8EC2-1A42AB29A547}.Release|Any CPU.Build.0 = Release|Any CPU
		{93D07E28-557D-479A-B833-701136661865}.Debug|Any CPU.ActiveCfg = Debug|Any CPU
		{93D07E28-557D-479A-B833-701136661865}.Debug|Any CPU.Build.0 = Debug|Any CPU
		{93D07E28-557D-479A-B833-701136661865}.Release|Any CPU.ActiveCfg = Release|Any CPU
		{93D07E28-557D-479A-B833-701136661865}.Release|Any CPU.Build.0 = Release|Any CPU
	EndGlobalSection
	GlobalSection(SolutionProperties) = preSolution
		HideSolutionNode = FALSE
	EndGlobalSection
	GlobalSection(ExtensibilityGlobals) = postSolution
		SolutionGuid = {D16E9C28-E84B-4320-AA3B-40E4DAD134B5}
	EndGlobalSection
EndGlobal
